
Microsoft Visual Studio Solution File, Format Version 12.00
# Visual Studio Version 17
VisualStudioVersion = 17.10.35027.167
MinimumVisualStudioVersion = 10.0.40219.1
Project("{8BC9CEB8-8B4A-11D0-8D11-00A0C91BC942}") = "BOJ_26592", "BOJ_26592.vcxproj", "{530605A3-997F-49FE-AF0E-253544EF0370}"
EndProject
Global
	GlobalSection(SolutionConfigurationPlatforms) = preSolution
		Debug|x64 = Debug|x64
		Release|x64 = Release|x64
	EndGlobalSection
	GlobalSection(ProjectConfigurationPlatforms) = postSolution
		{530605A3-997F-49FE-AF0E-253544EF0370}.Debug|x64.ActiveCfg = Debug|x64
		{530605A3-997F-49FE-AF0E-253544EF0370}.Debug|x64.Build.0 = Debug|x64
		{530605A3-997F-49FE-AF0E-253544EF0370}.Release|x64.ActiveCfg = Release|x64
		{530605A3-997F-49FE-AF0E-253544EF0370}.Release|x64.Build.0 = Release|x64
	EndGlobalSection
	GlobalSection(SolutionProperties) = preSolution
		HideSolutionNode = FALSE
	EndGlobalSection
	GlobalSection(ExtensibilityGlobals) = postSolution
		SolutionGuid = {ABDAE50C-2744-47F4-AB38-8F480C23F154}
	EndGlobalSection
EndGlobal
